lockfileVersion: 5.4

importers:

  .:
    specifiers:
      prettier: 2.8.4
      turbo: 1.8.2
      typescript: 4.9.5
    devDependencies:
      prettier: 2.8.4
      turbo: 1.8.2
      typescript: 4.9.5

  packages/db:
    specifiers:
      '@prisma/client': 4.16.2
      dotenv-cli: 7.0.0
      prisma: 4.16.2
      typescript: 4.9.5
    dependencies:
      '@prisma/client': 4.16.2_prisma@4.16.2
    devDependencies:
      dotenv-cli: 7.0.0
      prisma: 4.16.2
      typescript: 4.9.5

packages:

  /@prisma/client/4.16.2_prisma@4.16.2:
    resolution: {integrity: sha512-qCoEyxv1ZrQ4bKy39GnylE8Zq31IRmm8bNhNbZx7bF2cU5aiCCnSa93J2imF88MBjn7J9eUQneNxUQVJdl/rPQ==}
    engines: {node: '>=14.17'}
    requiresBuild: true
    peerDependencies:
      prisma: '*'
    peerDependenciesMeta:
      prisma:
        optional: true
    dependencies:
      '@prisma/engines-version': 4.16.1-1.4bc8b6e1b66cb932731fb1bdbbc550d1e010de81
      prisma: 4.16.2
    dev: false

  /@prisma/engines-version/4.16.1-1.4bc8b6e1b66cb932731fb1bdbbc550d1e010de81:
    resolution: {integrity: sha512-q617EUWfRIDTriWADZ4YiWRZXCa/WuhNgLTVd+HqWLffjMSPzyM5uOWoauX91wvQClSKZU4pzI4JJLQ9Kl62Qg==}
    dev: false

  /@prisma/engines/4.16.2:
    resolution: {integrity: sha512-vx1nxVvN4QeT/cepQce68deh/Turxy5Mr+4L4zClFuK1GlxN3+ivxfuv+ej/gvidWn1cE1uAhW7ALLNlYbRUAw==}
    requiresBuild: true

  /cross-spawn/7.0.3:
    resolution: {integrity: sha512-iRDPJKUPVEND7dHPO8rkbOnPpyDygcDFtWjpeWNCgy8WP2rXcxXL8TskReQl6OrB2G7+UJrags1q15Fudc7G6w==}
    engines: {node: '>= 8'}
    dependencies:
      path-key: 3.1.1
      shebang-command: 2.0.0
      which: 2.0.2
    dev: true

  /dotenv-cli/7.0.0:
    resolution: {integrity: sha512-XfMzVdpdDTRnlcgvFLg3lSyiLXqFxS4tH7RbK5IxkC4XIUuxPyrGoDufkfLjy/dA28EILzEu+mros6h8aQmyGg==}
    hasBin: true
    dependencies:
      cross-spawn: 7.0.3
      dotenv: 16.0.3
      dotenv-expand: 10.0.0
      minimist: 1.2.8
    dev: true

  /dotenv-expand/10.0.0:
    resolution: {integrity: sha512-GopVGCpVS1UKH75VKHGuQFqS1Gusej0z4FyQkPdwjil2gNIv+LNsqBlboOzpJFZKVT95GkCyWJbBSdFEFUWI2A==}
    engines: {node: '>=12'}
    dev: true

  /dotenv/16.0.3:
    resolution: {integrity: sha512-7GO6HghkA5fYG9TYnNxi14/7K9f5occMlp3zXAuSxn7CKCxt9xbNWG7yF8hTCSUchlfWSe3uLmlPfigevRItzQ==}
    engines: {node: '>=12'}
    dev: true

  /isexe/2.0.0:
    resolution: {integrity: sha512-RHxMLp9lnKHGHRng9QFhRCMbYAcVpn69smSGcq3f36xjgVVWThj4qqLbTLlq7Ssj8B+fIQ1EuCEGI2lKsyQeIw==}
    dev: true

  /minimist/1.2.8:
    resolution: {integrity: sha512-2yyAR8qBkN3YuheJanUpWC5U3bb5osDywNB8RzDVlDwDHbocAJveqqj1u8+SVD7jkWT4yvsHCpWqqWqAxb0zCA==}
    dev: true

  /path-key/3.1.1:
    resolution: {integrity: sha512-ojmeN0qd+y0jszEtoY48r0Peq5dwMEkIlCOu6Q5f41lfkswXuKtYrhgoTpLnyIcHm24Uhqx+5Tqm2InSwLhE6Q==}
    engines: {node: '>=8'}
    dev: true

  /prettier/2.8.4:
    resolution: {integrity: sha512-vIS4Rlc2FNh0BySk3Wkd6xmwxB0FpOndW5fisM5H8hsZSxU2VWVB5CWIkIjWvrHjIhxk2g3bfMKM87zNTrZddw==}
    engines: {node: '>=10.13.0'}
    hasBin: true
    dev: true

  /prisma/4.16.2:
    resolution: {integrity: sha512-SYCsBvDf0/7XSJyf2cHTLjLeTLVXYfqp7pG5eEVafFLeT0u/hLFz/9W196nDRGUOo1JfPatAEb+uEnTQImQC1g==}
    engines: {node: '>=14.17'}
    hasBin: true
    requiresBuild: true
    dependencies:
      '@prisma/engines': 4.16.2

  /shebang-command/2.0.0:
    resolution: {integrity: sha512-kHxr2zZpYtdmrN1qDjrrX/Z1rR1kG8Dx+gkpK1G4eXmvXswmcE1hTWBWYUzlraYw1/yZp6YuDY77YtvbN0dmDA==}
    engines: {node: '>=8'}
    dependencies:
      shebang-regex: 3.0.0
    dev: true

  /shebang-regex/3.0.0:
    resolution: {integrity: sha512-7++dFhtcx3353uBaq8DDR4NuxBetBzC7ZQOhmTQInHEd6bSrXdiEyzCvG07Z44UYdLShWUyXt5M/yhz8ekcb1A==}
    engines: {node: '>=8'}
    dev: true

  /turbo-darwin-64/1.8.2:
    resolution: {integrity: sha512-j77U0uOeppENexFsIvvzExADSqMBEeCHnm+6LSNQfaajHSrbUVSTsuD6ZMYHamT6bslc+ZZm21jdecWkwZFBbw==}
    cpu: [x64]
    os: [darwin]
    requiresBuild: true
    dev: true
    optional: true

  /turbo-darwin-arm64/1.8.2:
    resolution: {integrity: sha512-1NoAvjlwt2wycsAFJouauy9epn9DptSMy6BoGqxJVc4jiibsLepp9qYc4f1/ln0zjd3FR1IvhGOiBfdpqMN7hg==}
    cpu: [arm64]
    os: [darwin]
    requiresBuild: true
    dev: true
    optional: true

  /turbo-linux-64/1.8.2:
    resolution: {integrity: sha512-TcT3CRYnBYA46kLGGbGC2jDyCEAvMgVpUdpIZGTmod48EKpZaEfVgTkpa4GJde8W68yRFogPZjPVL3yJHFpXSA==}
    cpu: [x64]
    os: [linux]
    requiresBuild: true
    dev: true
    optional: true

  /turbo-linux-arm64/1.8.2:
    resolution: {integrity: sha512-Mb9+KBy4YJzPMZ6WGoMzMVZ6EtueCSvOvgmNpVFgkwbtabfBuaBOvN+irtg4RRSWvJQTDTziLABieocEEXZImQ==}
    cpu: [arm64]
    os: [linux]
    requiresBuild: true
    dev: true
    optional: true

  /turbo-windows-64/1.8.2:
    resolution: {integrity: sha512-/+R5ikRrw2w2w38JtNPubGLIQHgUC70m783DI9aPgaM5c8P5D/Y0k6HgjuC/uXgiaz2h3R7p7YWlr+2/E0bqyA==}
    cpu: [x64]
    os: [win32]
    requiresBuild: true
    dev: true
    optional: true

  /turbo-windows-arm64/1.8.2:
    resolution: {integrity: sha512-s07viz5nXSx4kyiksuPM4FGLRkoaGMaw0BpwFjdRQsl1p+WclUN1IPdokVPKOmFpu5pNCVYlG/raP/mXAEzDCg==}
    cpu: [arm64]
    os: [win32]
    requiresBuild: true
    dev: true
    optional: true

  /turbo/1.8.2:
    resolution: {integrity: sha512-G/uJx6bZK5RwTWHsRN/MP0MvXFznmCaL3MQXdSf+OG/q0o8GE7+yivyyWEplWI1Asc8AEN909A/wlIkoz2FKTg==}
    hasBin: true
    requiresBuild: true
    optionalDependencies:
      turbo-darwin-64: 1.8.2
      turbo-darwin-arm64: 1.8.2
      turbo-linux-64: 1.8.2
      turbo-linux-arm64: 1.8.2
      turbo-windows-64: 1.8.2
      turbo-windows-arm64: 1.8.2
    dev: true

  /typescript/4.9.5:
    resolution: {integrity: sha512-1FXk9E2Hm+QzZQ7z+McJiHL4NW1F2EzMu9Nq9i3zAaGqibafqYwCVU6WyWAuyQRRzOlxou8xZSyXLEN8oKj24g==}
    engines: {node: '>=4.2.0'}
    hasBin: true
    dev: true

  /which/2.0.2:
    resolution: {integrity: sha512-BLI3Tl1TW3Pvl70l3yq3Y64i+awpwXqsGBYWkkqMtnbXgrMD+yj7rhW0kuEDxzJaYXGjEW5ogapKNMEKNMjibA==}
    engines: {node: '>= 8'}
    hasBin: true
    dependencies:
      isexe: 2.0.0
    dev: true
